
Microsoft Visual Studio Solution File, Format Version 12.00
# Visual Studio Version 17
VisualStudioVersion = 17.4.33110.190
MinimumVisualStudioVersion = 10.0.40219.1
Project("{778DAE3C-4631-46EA-AA77-85C1314464D9}") = "Parawork", "Parawork.vbproj", "{1BD495D3-07E9-42C8-8DC4-349B35BC4476}"
EndProject
Global
	GlobalSection(SolutionConfigurationPlatforms) = preSolution
		Debug|Any CPU = Debug|Any CPU
		Release|Any CPU = Release|Any CPU
	EndGlobalSection
	GlobalSection(ProjectConfigurationPlatforms) = postSolution
		{1BD495D3-07E9-42C8-8DC4-349B35BC4476}.Debug|Any CPU.ActiveCfg = Debug|Any CPU
		{1BD495D3-07E9-42C8-8DC4-349B35BC4476}.Debug|Any CPU.Build.0 = Debug|Any CPU
		{1BD495D3-07E9-42C8-8DC4-349B35BC4476}.Release|Any CPU.ActiveCfg = Release|Any CPU
		{1BD495D3-07E9-42C8-8DC4-349B35BC4476}.Release|Any CPU.Build.0 = Release|Any CPU
	EndGlobalSection
	GlobalSection(SolutionProperties) = preSolution
		HideSolutionNode = FALSE
	EndGlobalSection
	GlobalSection(ExtensibilityGlobals) = postSolution
		SolutionGuid = {5C74E1BB-03DE-4D66-83BB-5F34AE7FD715}
	EndGlobalSection
EndGlobal
